
Microsoft Visual Studio Solution File, Format Version 12.00
# Visual Studio Version 17
VisualStudioVersion = 17.0.31912.275
MinimumVisualStudioVersion = 10.0.40219.1
Project("{FAE04EC0-301F-11D3-BF4B-00C04F79EFBC}") = "ReviewYourMovie.Server", "ReviewYourMovie\Server\ReviewYourMovie.Server.csproj", "{89A04BAC-4FCB-4B72-B328-20E7F4177923}"
EndProject
Project("{FAE04EC0-301F-11D3-BF4B-00C04F79EFBC}") = "ReviewYourMovie.Client", "ReviewYourMovie\Client\ReviewYourMovie.Client.csproj", "{E45BD0FA-82BF-4B8D-A859-074D8710A53C}"
EndProject
Project("{FAE04EC0-301F-11D3-BF4B-00C04F79EFBC}") = "ReviewYourMovie.Shared", "ReviewYourMovie\Shared\ReviewYourMovie.Shared.csproj", "{81E1F1EB-7B38-4DF4-8667-295DAE621DAE}"
EndProject
Global
	GlobalSection(SolutionConfigurationPlatforms) = preSolution
		Debug|Any CPU = Debug|Any CPU
		Release|Any CPU = Release|Any CPU
	EndGlobalSection
	GlobalSection(ProjectConfigurationPlatforms) = postSolution
		{89A04BAC-4FCB-4B72-B328-20E7F4177923}.Debug|Any CPU.ActiveCfg = Debug|Any CPU
		{89A04BAC-4FCB-4B72-B328-20E7F4177923}.Debug|Any CPU.Build.0 = Debug|Any CPU
		{89A04BAC-4FCB-4B72-B328-20E7F4177923}.Release|Any CPU.ActiveCfg = Release|Any CPU
		{89A04BAC-4FCB-4B72-B328-20E7F4177923}.Release|Any CPU.Build.0 = Release|Any CPU
		{E45BD0FA-82BF-4B8D-A859-074D8710A53C}.Debug|Any CPU.ActiveCfg = Debug|Any CPU
		{E45BD0FA-82BF-4B8D-A859-074D8710A53C}.Debug|Any CPU.Build.0 = Debug|Any CPU
		{E45BD0FA-82BF-4B8D-A859-074D8710A53C}.Release|Any CPU.ActiveCfg = Release|Any CPU
		{E45BD0FA-82BF-4B8D-A859-074D8710A53C}.Release|Any CPU.Build.0 = Release|Any CPU
		{81E1F1EB-7B38-4DF4-8667-295DAE621DAE}.Debug|Any CPU.ActiveCfg = Debug|Any CPU
		{81E1F1EB-7B38-4DF4-8667-295DAE621DAE}.Debug|Any CPU.Build.0 = Debug|Any CPU
		{81E1F1EB-7B38-4DF4-8667-295DAE621DAE}.Release|Any CPU.ActiveCfg = Release|Any CPU
		{81E1F1EB-7B38-4DF4-8667-295DAE621DAE}.Release|Any CPU.Build.0 = Release|Any CPU
	EndGlobalSection
	GlobalSection(SolutionProperties) = preSolution
		HideSolutionNode = FALSE
	EndGlobalSection
	GlobalSection(ExtensibilityGlobals) = postSolution
		SolutionGuid = {ECBF0EA1-902F-4114-A1CA-2FAC62264150}
	EndGlobalSection
EndGlobal
